
Microsoft Visual Studio Solution File, Format Version 12.00
# Visual Studio Version 17
VisualStudioVersion = 17.6.33829.357
MinimumVisualStudioVersion = 10.0.40219.1
Project("{FAE04EC0-301F-11D3-BF4B-00C04F79EFBC}") = "AzureFunctionFactor", "AzureFunctionFactor\AzureFunctionFactor.csproj", "{E762DBF9-0B95-4B77-8818-B35DBAAD818E}"
EndProject
Global
	GlobalSection(SolutionConfigurationPlatforms) = preSolution
		Debug|Any CPU = Debug|Any CPU
		Release|Any CPU = Release|Any CPU
	EndGlobalSection
	GlobalSection(ProjectConfigurationPlatforms) = postSolution
		{E762DBF9-0B95-4B77-8818-B35DBAAD818E}.Debug|Any CPU.ActiveCfg = Debug|Any CPU
		{E762DBF9-0B95-4B77-8818-B35DBAAD818E}.Debug|Any CPU.Build.0 = Debug|Any CPU
		{E762DBF9-0B95-4B77-8818-B35DBAAD818E}.Release|Any CPU.ActiveCfg = Release|Any CPU
		{E762DBF9-0B95-4B77-8818-B35DBAAD818E}.Release|Any CPU.Build.0 = Release|Any CPU
	EndGlobalSection
	GlobalSection(SolutionProperties) = preSolution
		HideSolutionNode = FALSE
	EndGlobalSection
	GlobalSection(ExtensibilityGlobals) = postSolution
		SolutionGuid = {F1380290-0395-40B5-9A08-FA33D0620594}
	EndGlobalSection
EndGlobal
